
Microsoft Visual Studio Solution File, Format Version 12.00
# Visual Studio Version 17
VisualStudioVersion = 17.6.33815.320
MinimumVisualStudioVersion = 10.0.40219.1
Project("{9A19103F-16F7-4668-BE54-9A1E7A4F7556}") = "TrayTranslator", "TrayTranslator\TrayTranslator.csproj", "{8B5F270C-7394-4621-97D4-84E771425842}"
EndProject
Project("{9A19103F-16F7-4668-BE54-9A1E7A4F7556}") = "Translator", "Translator\Translator.csproj", "{5DBDA921-ECC1-4D86-BEB8-1D4F42F58674}"
EndProject
Project("{2150E333-8FDC-42A3-9474-1A3956D46DE8}") = "icons", "icons", "{71A916BD-C1E6-4014-B801-6209985D6036}"
	ProjectSection(SolutionItems) = preProject
		OibraryExample\Icons\Error.ico = OibraryExample\Icons\Error.ico
		OibraryExample\Icons\ikonka.ico = OibraryExample\Icons\ikonka.ico
	EndProjectSection
EndProject
Global
	GlobalSection(SolutionConfigurationPlatforms) = preSolution
		Debug|Any CPU = Debug|Any CPU
		Release|Any CPU = Release|Any CPU
	EndGlobalSection
	GlobalSection(ProjectConfigurationPlatforms) = postSolution
		{8B5F270C-7394-4621-97D4-84E771425842}.Debug|Any CPU.ActiveCfg = Debug|Any CPU
		{8B5F270C-7394-4621-97D4-84E771425842}.Debug|Any CPU.Build.0 = Debug|Any CPU
		{8B5F270C-7394-4621-97D4-84E771425842}.Release|Any CPU.ActiveCfg = Release|Any CPU
		{8B5F270C-7394-4621-97D4-84E771425842}.Release|Any CPU.Build.0 = Release|Any CPU
		{5DBDA921-ECC1-4D86-BEB8-1D4F42F58674}.Debug|Any CPU.ActiveCfg = Debug|Any CPU
		{5DBDA921-ECC1-4D86-BEB8-1D4F42F58674}.Debug|Any CPU.Build.0 = Debug|Any CPU
		{5DBDA921-ECC1-4D86-BEB8-1D4F42F58674}.Release|Any CPU.ActiveCfg = Release|Any CPU
		{5DBDA921-ECC1-4D86-BEB8-1D4F42F58674}.Release|Any CPU.Build.0 = Release|Any CPU
	EndGlobalSection
	GlobalSection(SolutionProperties) = preSolution
		HideSolutionNode = FALSE
	EndGlobalSection
	GlobalSection(ExtensibilityGlobals) = postSolution
		SolutionGuid = {93FD13D5-4643-402E-83B6-77958247E4B2}
	EndGlobalSection
EndGlobal
